<?xml version="1.0" encoding="utf-8"?>
<Project ToolsVersion="4.0" xmlns="http://schemas.microsoft.com/developer/msbuild/2003">
  <ItemGroup>
    <ClCompile Include="DaneloKart.cpp">
      <Filter>Source</Filter>
    </ClCompile>
    <ClCompile Include="Matrix.cpp">
      <Filter>Source</Filter>
    </ClCompile>
    <ClCompile Include="Segmento.cpp">
      <Filter>Source</Filter>
    </ClCompile>
    <ClCompile Include="stdafx.cpp">
      <Filter>Source</Filter>
    </ClCompile>
  </ItemGroup>
  <ItemGroup>
    <ClInclude Include="Matrix.h">
      <Filter>Headers</Filter>
    </ClInclude>
    <ClInclude Include="Segmento.h">
      <Filter>Headers</Filter>
    </ClInclude>
    <ClInclude Include="stdafx.h">
      <Filter>Headers</Filter>
    </ClInclude>
    <ClInclude Include="targetver.h">
      <Filter>Headers</Filter>
    </ClInclude>
  </ItemGroup>
  <ItemGroup>
    <Filter Include="Headers">
      <UniqueIdentifier>{c9c99d1d-0b2b-4095-aa27-6cdb633807de}</UniqueIdentifier>
    </Filter>
    <Filter Include="Source">
      <UniqueIdentifier>{dabe430d-1449-4710-b918-97a403881cc0}</UniqueIdentifier>
    </Filter>
  </ItemGroup>
</Project>